Microsoft Visual Studio Solution File, Format Version 12.00
# Visual Studio Version 17
VisualStudioVersion = 17.5.2.0
MinimumVisualStudioVersion = 10.0.40219.1
Project("{FAE04EC0-301F-11D3-BF4B-00C04F79EFBC}") = "MottuSmartPatio", "MottuSmartPatio.csproj", "{03881712-4092-2FD9-288F-9E188181726E}"
EndProject
Global
	GlobalSection(SolutionConfigurationPlatforms) = preSolution
		Debug|Any CPU = Debug|Any CPU
		Release|Any CPU = Release|Any CPU
	EndGlobalSection
	GlobalSection(ProjectConfigurationPlatforms) = postSolution
		{03881712-4092-2FD9-288F-9E188181726E}.Debug|Any CPU.ActiveCfg = Debug|Any CPU
		{03881712-4092-2FD9-288F-9E188181726E}.Debug|Any CPU.Build.0 = Debug|Any CPU
		{03881712-4092-2FD9-288F-9E188181726E}.Release|Any CPU.ActiveCfg = Release|Any CPU
		{03881712-4092-2FD9-288F-9E188181726E}.Release|Any CPU.Build.0 = Release|Any CPU
	EndGlobalSection
	GlobalSection(SolutionProperties) = preSolution
		HideSolutionNode = FALSE
	EndGlobalSection
	GlobalSection(ExtensibilityGlobals) = postSolution
		SolutionGuid = {04D23FF9-2968-4E21-A2F5-B4DD5120B606}
	EndGlobalSection
EndGlobal
